
Microsoft Visual Studio Solution File, Format Version 12.00
# Visual Studio 15
VisualStudioVersion = 15.0.27703.2000
MinimumVisualStudioVersion = 10.0.40219.1
Project("{FAE04EC0-301F-11D3-BF4B-00C04F79EFBC}") = "TurtleGame", "TurtleGame\TurtleGame.csproj", "{B1C061B0-7567-4E39-A12C-20315CBF690B}"
EndProject
Global
	GlobalSection(SolutionConfigurationPlatforms) = preSolution
		Debug|Any CPU = Debug|Any CPU
		Release|Any CPU = Release|Any CPU
	EndGlobalSection
	GlobalSection(ProjectConfigurationPlatforms) = postSolution
		{B1C061B0-7567-4E39-A12C-20315CBF690B}.Debug|Any CPU.ActiveCfg = Debug|Any CPU
		{B1C061B0-7567-4E39-A12C-20315CBF690B}.Debug|Any CPU.Build.0 = Debug|Any CPU
		{B1C061B0-7567-4E39-A12C-20315CBF690B}.Release|Any CPU.ActiveCfg = Release|Any CPU
		{B1C061B0-7567-4E39-A12C-20315CBF690B}.Release|Any CPU.Build.0 = Release|Any CPU
	EndGlobalSection
	GlobalSection(SolutionProperties) = preSolution
		HideSolutionNode = FALSE
	EndGlobalSection
	GlobalSection(ExtensibilityGlobals) = postSolution
		SolutionGuid = {01A17057-400F-4FAC-981B-1631153AC771}
	EndGlobalSection
EndGlobal
